
Microsoft Visual Studio Solution File, Format Version 12.00
# Visual Studio Version 16
VisualStudioVersion = 16.0.31727.386
MinimumVisualStudioVersion = 10.0.40219.1
Project("{FAE04EC0-301F-11D3-BF4B-00C04F79EFBC}") = "OgrenciKayitSistemi", "OgrenciKayitSistemi\OgrenciKayitSistemi.csproj", "{2CF4180D-0813-4329-BDC8-6E19772750FA}"
EndProject
Global
	GlobalSection(SolutionConfigurationPlatforms) = preSolution
		Debug|Any CPU = Debug|Any CPU
		Release|Any CPU = Release|Any CPU
	EndGlobalSection
	GlobalSection(ProjectConfigurationPlatforms) = postSolution
		{2CF4180D-0813-4329-BDC8-6E19772750FA}.Debug|Any CPU.ActiveCfg = Debug|Any CPU
		{2CF4180D-0813-4329-BDC8-6E19772750FA}.Debug|Any CPU.Build.0 = Debug|Any CPU
		{2CF4180D-0813-4329-BDC8-6E19772750FA}.Release|Any CPU.ActiveCfg = Release|Any CPU
		{2CF4180D-0813-4329-BDC8-6E19772750FA}.Release|Any CPU.Build.0 = Release|Any CPU
	EndGlobalSection
	GlobalSection(SolutionProperties) = preSolution
		HideSolutionNode = FALSE
	EndGlobalSection
	GlobalSection(ExtensibilityGlobals) = postSolution
		SolutionGuid = {11C9C388-D291-4F03-85D1-5512D747F944}
	EndGlobalSection
EndGlobal
